// !$*UTF8*$!
{
	archiveVersion = 1;
	classes = {
	};
	objectVersion = 50;
	objects = {

/* Begin PBXBuildFile section */
		3051C090B3FB6591D224A049 /* Pods_Flix.framework in Frameworks */ = {isa = PBXBuildFile; fileRef = 7723CBC1726E814EF0880AFC /* Pods_Flix.framework */; };
		4802FB39948569D4103575DB /* Pods_FlixTests.framework in Frameworks */ = {isa = PBXBuildFile; fileRef = BCD1D2FCF50AABE3135EA929 /* Pods_FlixTests.framework */; };
		8851957CB18747E1B3413C5D /* Pods_FlixUITests.framework in Frameworks */ = {isa = PBXBuildFile; fileRef = BFC1B38CEA52FAD22C72D4C7 /* Pods_FlixUITests.framework */; };
		8F05C99B2075D1AD00AE2F1A /* AppDelegate.swift in Sources */ = {isa = PBXBuildFile; fileRef = 8F05C99A2075D1AD00AE2F1A /* AppDelegate.swift */; };
		8F05C99D2075D1AD00AE2F1A /* ViewController.swift in Sources */ = {isa = PBXBuildFile; fileRef = 8F05C99C2075D1AD00AE2F1A /* ViewController.swift */; };
		8F05C9A02075D1AD00AE2F1A /* Main.storyboard in Resources */ = {isa = PBXBuildFile; fileRef = 8F05C99E2075D1AD00AE2F1A /* Main.storyboard */; };
		8F05C9A22075D1AE00AE2F1A /* Assets.xcassets in Resources */ = {isa = PBXBuildFile; fileRef = 8F05C9A12075D1AE00AE2F1A /* Assets.xcassets */; };
		8F05C9A52075D1AE00AE2F1A /* LaunchScreen.storyboard in Resources */ = {isa = PBXBuildFile; fileRef = 8F05C9A32075D1AE00AE2F1A /* LaunchScreen.storyboard */; };
		8F05C9B02075D1AF00AE2F1A /* FlixTests.swift in Sources */ = {isa = PBXBuildFile; fileRef = 8F05C9AF2075D1AF00AE2F1A /* FlixTests.swift */; };
		8F05C9BB2075D1AF00AE2F1A /* FlixUITests.swift in Sources */ = {isa = PBXBuildFile; fileRef = 8F05C9BA2075D1AF00AE2F1A /* FlixUITests.swift */; };
		8F05C9C92076A26500AE2F1A /* MovieCell.swift in Sources */ = {isa = PBXBuildFile; fileRef = 8F05C9C82076A26500AE2F1A /* MovieCell.swift */; };
		8FDD281B207723AE0001F8D4 /* DetailViewController.swift in Sources */ = {isa = PBXBuildFile; fileRef = 8FDD281A207723AE0001F8D4 /* DetailViewController.swift */; };
/* End PBXBuildFile section */

/* Begin PBXContainerItemProxy section */
		8F05C9AC2075D1AF00AE2F1A /* PBXContainerItemProxy */ = {
			isa = PBXContainerItemProxy;
			containerPortal = 8F05C98F2075D1AD00AE2F1A /* Project object */;
			proxyType = 1;
			remoteGlobalIDString = 8F05C9962075D1AD00AE2F1A;
			remoteInfo = Flix;
		};
		8F05C9B72075D1AF00AE2F1A /* PBXContainerItemProxy */ = {
			isa = PBXContainerItemProxy;
			containerPortal = 8F05C98F2075D1AD00AE2F1A /* Project object */;
			proxyType = 1;
			remoteGlobalIDString = 8F05C9962075D1AD00AE2F1A;
			remoteInfo = Flix;
		};
/* End PBXContainerItemProxy section */

/* Begin PBXFileReference section */
		26B151E9A3694A0D5FB41FB7 /* Pods-Flix.release.xcconfig */ = {isa = PBXFileReference; includeInIndex = 1; lastKnownFileType = text.xcconfig; name = "Pods-Flix.release.xcconfig"; path = "Pods/Target Support Files/Pods-Flix/Pods-Flix.release.xcconfig"; sourceTree = "<group>"; };
		44C8833DFFF07DC4439EE979 /* Pods-FlixUITests.debug.xcconfig */ = {isa = PBXFileReference; includeInIndex = 1; lastKnownFileType = text.xcconfig; name = "Pods-FlixUITests.debug.xcconfig"; path = "Pods/Target Support Files/Pods-FlixUITests/Pods-FlixUITests.debug.xcconfig"; sourceTree = "<group>"; };
		7723CBC1726E814EF0880AFC /* Pods_Flix.framework */ = {isa = PBXFileReference; explicitFileType = wrapper.framework; includeInIndex = 0; path = Pods_Flix.framework; sourceTree = BUILT_PRODUCTS_DIR; };
		8F05C9972075D1AD00AE2F1A /* Flix.app */ = {isa = PBXFileReference; explicitFileType = wrapper.application; includeInIndex = 0; path = Flix.app; sourceTree = BUILT_PRODUCTS_DIR; };
		8F05C99A2075D1AD00AE2F1A /* AppDelegate.swift */ = {isa = PBXFileReference; lastKnownFileType = sourcecode.swift; path = AppDelegate.swift; sourceTree = "<group>"; };
		8F05C99C2075D1AD00AE2F1A /* ViewController.swift */ = {isa = PBXFileReference; lastKnownFileType = sourcecode.swift; path = ViewController.swift; sourceTree = "<group>"; };
		8F05C99F2075D1AD00AE2F1A /* Base */ = {isa = PBXFileReference; lastKnownFileType = file.storyboard; name = Base; path = Base.lproj/Main.storyboard; sourceTree = "<group>"; };
		8F05C9A12075D1AE00AE2F1A /* Assets.xcassets */ = {isa = PBXFileReference; lastKnownFileType = folder.assetcatalog; path = Assets.xcassets; sourceTree = "<group>"; };
		8F05C9A42075D1AE00AE2F1A /* Base */ = {isa = PBXFileReference; lastKnownFileType = file.storyboard; name = Base; path = Base.lproj/LaunchScreen.storyboard; sourceTree = "<group>"; };
		8F05C9A62075D1AE00AE2F1A /* Info.plist */ = {isa = PBXFileReference; lastKnownFileType = text.plist.xml; path = Info.plist; sourceTree = "<group>"; };
		8F05C9AB2075D1AF00AE2F1A /* FlixTests.xctest */ = {isa = PBXFileReference; explicitFileType = wrapper.cfbundle; includeInIndex = 0; path = FlixTests.xctest; sourceTree = BUILT_PRODUCTS_DIR; };
		8F05C9AF2075D1AF00AE2F1A /* FlixTests.swift */ = {isa = PBXFileReference; lastKnownFileType = sourcecode.swift; path = FlixTests.swift; sourceTree = "<group>"; };
		8F05C9B12075D1AF00AE2F1A /* Info.plist */ = {isa = PBXFileReference; lastKnownFileType = text.plist.xml; path = Info.plist; sourceTree = "<group>"; };
		8F05C9B62075D1AF00AE2F1A /* FlixUITests.xctest */ = {isa = PBXFileReference; explicitFileType = wrapper.cfbundle; includeInIndex = 0; path = FlixUITests.xctest; sourceTree = BUILT_PRODUCTS_DIR; };
		8F05C9BA2075D1AF00AE2F1A /* FlixUITests.swift */ = {isa = PBXFileReference; lastKnownFileType = sourcecode.swift; path = FlixUITests.swift; sourceTree = "<group>"; };
		8F05C9BC2075D1AF00AE2F1A /* Info.plist */ = {isa = PBXFileReference; lastKnownFileType = text.plist.xml; path = Info.plist; sourceTree = "<group>"; };
		8F05C9C82076A26500AE2F1A /* MovieCell.swift */ = {isa = PBXFileReference; lastKnownFileType = sourcecode.swift; path = MovieCell.swift; sourceTree = "<group>"; };
		8FDD281A207723AE0001F8D4 /* DetailViewController.swift */ = {isa = PBXFileReference; lastKnownFileType = sourcecode.swift; path = DetailViewController.swift; sourceTree = "<group>"; };
		95A80510B2628B2A3F0477C2 /* Pods-FlixTests.debug.xcconfig */ = {isa = PBXFileReference; includeInIndex = 1; lastKnownFileType = text.xcconfig; name = "Pods-FlixTests.debug.xcconfig"; path = "Pods/Target Support Files/Pods-FlixTests/Pods-FlixTests.debug.xcconfig"; sourceTree = "<group>"; };
		A20D20AE78C6A71437697344 /* Pods-FlixTests.release.xcconfig */ = {isa = PBXFileReference; includeInIndex = 1; lastKnownFileType = text.xcconfig; name = "Pods-FlixTests.release.xcconfig"; path = "Pods/Target Support Files/Pods-FlixTests/Pods-FlixTests.release.xcconfig"; sourceTree = "<group>"; };
		ABB816615D7064B65D984364 /* Pods-FlixUITests.release.xcconfig */ = {isa = PBXFileReference; includeInIndex = 1; lastKnownFileType = text.xcconfig; name = "Pods-FlixUITests.release.xcconfig"; path = "Pods/Target Support Files/Pods-FlixUITests/Pods-FlixUITests.release.xcconfig"; sourceTree = "<group>"; };
		BCD1D2FCF50AABE3135EA929 /* Pods_FlixTests.framework */ = {isa = PBXFileReference; explicitFileType = wrapper.framework; includeInIndex = 0; path = Pods_FlixTests.framework; sourceTree = BUILT_PRODUCTS_DIR; };
		BFC1B38CEA52FAD22C72D4C7 /* Pods_FlixUITests.framework */ = {isa = PBXFileReference; explicitFileType = wrapper.framework; includeInIndex = 0; path = Pods_FlixUITests.framework; sourceTree = BUILT_PRODUCTS_DIR; };
		FC934310148A82F36853CABE /* Pods-Flix.debug.xcconfig */ = {isa = PBXFileReference; includeInIndex = 1; lastKnownFileType = text.xcconfig; name = "Pods-Flix.debug.xcconfig"; path = "Pods/Target Support Files/Pods-Flix/Pods-Flix.debug.xcconfig"; sourceTree = "<group>"; };
/* End PBXFileReference section */

/* Begin PBXFrameworksBuildPhase section */
		8F05C9942075D1AD00AE2F1A /* Frameworks */ = {
			isa = PBXFrameworksBuildPhase;
			buildActionMask = 2147483647;
			files = (
				3051C090B3FB6591D224A049 /* Pods_Flix.framework in Frameworks */,
			);
			runOnlyForDeploymentPostprocessing = 0;
		};
		8F05C9A82075D1AF00AE2F1A /* Frameworks */ = {
			isa = PBXFrameworksBuildPhase;
			buildActionMask = 2147483647;
			files = (
				4802FB39948569D4103575DB /* Pods_FlixTests.framework in Frameworks */,
			);
			runOnlyForDeploymentPostprocessing = 0;
		};
		8F05C9B32075D1AF00AE2F1A /* Frameworks */ = {
			isa = PBXFrameworksBuildPhase;
			buildActionMask = 2147483647;
			files = (
				8851957CB18747E1B3413C5D /* Pods_FlixUITests.framework in Frameworks */,
			);
			runOnlyForDeploymentPostprocessing = 0;
		};
/* End PBXFrameworksBuildPhase section */

/* Begin PBXGroup section */
		723E9AFCD81D399C44EE0C34 /* Frameworks */ = {
			isa = PBXGroup;
			children = (
				7723CBC1726E814EF0880AFC /* Pods_Flix.framework */,
				BCD1D2FCF50AABE3135EA929 /* Pods_FlixTests.framework */,
				BFC1B38CEA52FAD22C72D4C7 /* Pods_FlixUITests.framework */,
			);
			name = Frameworks;
			sourceTree = "<group>";
		};
		8F05C98E2075D1AD00AE2F1A = {
			isa = PBXGroup;
			children = (
				8F05C9992075D1AD00AE2F1A /* Flix */,
				8F05C9AE2075D1AF00AE2F1A /* FlixTests */,
				8F05C9B92075D1AF00AE2F1A /* FlixUITests */,
				8F05C9982075D1AD00AE2F1A /* Products */,
				A3D18DD531EFDC17A6B32329 /* Pods */,
				723E9AFCD81D399C44EE0C34 /* Frameworks */,
			);
			sourceTree = "<group>";
		};
		8F05C9982075D1AD00AE2F1A /* Products */ = {
			isa = PBXGroup;
			children = (
				8F05C9972075D1AD00AE2F1A /* Flix.app */,
				8F05C9AB2075D1AF00AE2F1A /* FlixTests.xctest */,
				8F05C9B62075D1AF00AE2F1A /* FlixUITests.xctest */,
			);
			name = Products;
			sourceTree = "<group>";
		};
		8F05C9992075D1AD00AE2F1A /* Flix */ = {
			isa = PBXGroup;
			children = (
				8FDD28192077236E0001F8D4 /* Views */,
				8FDD28182077235F0001F8D4 /* ViewControllers */,
				8F05C99A2075D1AD00AE2F1A /* AppDelegate.swift */,
				8F05C99E2075D1AD00AE2F1A /* Main.storyboard */,
				8F05C9A12075D1AE00AE2F1A /* Assets.xcassets */,
				8F05C9A32075D1AE00AE2F1A /* LaunchScreen.storyboard */,
				8F05C9A62075D1AE00AE2F1A /* Info.plist */,
			);
			path = Flix;
			sourceTree = "<group>";
		};
		8F05C9AE2075D1AF00AE2F1A /* FlixTests */ = {
			isa = PBXGroup;
			children = (
				8F05C9AF2075D1AF00AE2F1A /* FlixTests.swift */,
				8F05C9B12075D1AF00AE2F1A /* Info.plist */,
			);
			path = FlixTests;
			sourceTree = "<group>";
		};
		8F05C9B92075D1AF00AE2F1A /* FlixUITests */ = {
			isa = PBXGroup;
			children = (
				8F05C9BA2075D1AF00AE2F1A /* FlixUITests.swift */,
				8F05C9BC2075D1AF00AE2F1A /* Info.plist */,
			);
			path = FlixUITests;
			sourceTree = "<group>";
		};
		8FDD28182077235F0001F8D4 /* ViewControllers */ = {
			isa = PBXGroup;
			children = (
				8F05C99C2075D1AD00AE2F1A /* ViewController.swift */,
				8FDD281A207723AE0001F8D4 /* DetailViewController.swift */,
			);
			path = ViewControllers;
			sourceTree = "<group>";
		};
		8FDD28192077236E0001F8D4 /* Views */ = {
			isa = PBXGroup;
			children = (
				8F05C9C82076A26500AE2F1A /* MovieCell.swift */,
			);
			path = Views;
			sourceTree = "<group>";
		};
		A3D18DD531EFDC17A6B32329 /* Pods */ = {
			isa = PBXGroup;
			children = (
				FC934310148A82F36853CABE /* Pods-Flix.debug.xcconfig */,
				26B151E9A3694A0D5FB41FB7 /* Pods-Flix.release.xcconfig */,
				95A80510B2628B2A3F0477C2 /* Pods-FlixTests.debug.xcconfig */,
				A20D20AE78C6A71437697344 /* Pods-FlixTests.release.xcconfig */,
				44C8833DFFF07DC4439EE979 /* Pods-FlixUITests.debug.xcconfig */,
				ABB816615D7064B65D984364 /* Pods-FlixUITests.release.xcconfig */,
			);
			name = Pods;
			sourceTree = "<group>";
		};
/* End PBXGroup section */

/* Begin PBXNativeTarget section */
		8F05C9962075D1AD00AE2F1A /* Flix */ = {
			isa = PBXNativeTarget;
			buildConfigurationList = 8F05C9BF2075D1AF00AE2F1A /* Build configuration list for PBXNativeTarget "Flix" */;
			buildPhases = (
				1A699BE78B9DC2AD45CB2F3E /* [CP] Check Pods Manifest.lock */,
				8F05C9932075D1AD00AE2F1A /* Sources */,
				8F05C9942075D1AD00AE2F1A /* Frameworks */,
				8F05C9952075D1AD00AE2F1A /* Resources */,
				ECFBE364A135B7A277EFBCFF /* [CP] Embed Pods Frameworks */,
				2D68AAA04B190FEC6AD7E56E /* [CP] Copy Pods Resources */,
			);
			buildRules = (
			);
			dependencies = (
			);
			name = Flix;
			productName = Flix;
			productReference = 8F05C9972075D1AD00AE2F1A /* Flix.app */;
			productType = "com.apple.product-type.application";
		};
		8F05C9AA2075D1AF00AE2F1A /* FlixTests */ = {
			isa = PBXNativeTarget;
			buildConfigurationList = 8F05C9C22075D1AF00AE2F1A /* Build configuration list for PBXNativeTarget "FlixTests" */;
			buildPhases = (
				C11DD71E6041F62E44830AED /* [CP] Check Pods Manifest.lock */,
				8F05C9A72075D1AF00AE2F1A /* Sources */,
				8F05C9A82075D1AF00AE2F1A /* Frameworks */,
				8F05C9A92075D1AF00AE2F1A /* Resources */,
				EB7E69161E51ADFBBC8DA324 /* [CP] Embed Pods Frameworks */,
				9DFC1A36A5250672658DBA47 /* [CP] Copy Pods Resources */,
			);
			buildRules = (
			);
			dependencies = (
				8F05C9AD2075D1AF00AE2F1A /* PBXTargetDependency */,
			);
			name = FlixTests;
			productName = FlixTests;
			productReference = 8F05C9AB2075D1AF00AE2F1A /* FlixTests.xctest */;
			productType = "com.apple.product-type.bundle.unit-test";
		};
		8F05C9B52075D1AF00AE2F1A /* FlixUITests */ = {
			isa = PBXNativeTarget;
			buildConfigurationList = 8F05C9C52075D1AF00AE2F1A /* Build configuration list for PBXNativeTarget "FlixUITests" */;
			buildPhases = (
				8B5B3969F66B5A43DC51C4D8 /* [CP] Check Pods Manifest.lock */,
				8F05C9B22075D1AF00AE2F1A /* Sources */,
				8F05C9B32075D1AF00AE2F1A /* Frameworks */,
				8F05C9B42075D1AF00AE2F1A /* Resources */,
				7F8B8F623552DC4491B97723 /* [CP] Embed Pods Frameworks */,
				CEBB4D879B4FCD07F03E0A9E /* [CP] Copy Pods Resources */,
			);
			buildRules = (
			);
			dependencies = (
				8F05C9B82075D1AF00AE2F1A /* PBXTargetDependency */,
			);
			name = FlixUITests;
			productName = FlixUITests;
			productReference = 8F05C9B62075D1AF00AE2F1A /* FlixUITests.xctest */;
			productType = "com.apple.product-type.bundle.ui-testing";
		};
/* End PBXNativeTarget section */

/* Begin PBXProject section */
		8F05C98F2075D1AD00AE2F1A /* Project object */ = {
			isa = PBXProject;
			attributes = {
				LastSwiftUpdateCheck = 0930;
				LastUpgradeCheck = 0930;
				ORGANIZATIONNAME = "Xufei Gao";
				TargetAttributes = {
					8F05C9962075D1AD00AE2F1A = {
						CreatedOnToolsVersion = 9.3;
					};
					8F05C9AA2075D1AF00AE2F1A = {
						CreatedOnToolsVersion = 9.3;
						TestTargetID = 8F05C9962075D1AD00AE2F1A;
					};
					8F05C9B52075D1AF00AE2F1A = {
						CreatedOnToolsVersion = 9.3;
						TestTargetID = 8F05C9962075D1AD00AE2F1A;
					};
				};
			};
			buildConfigurationList = 8F05C9922075D1AD00AE2F1A /* Build configuration list for PBXProject "Flix" */;
			compatibilityVersion = "Xcode 9.3";
			developmentRegion = en;
			hasScannedForEncodings = 0;
			knownRegions = (
				en,
				Base,
			);
			mainGroup = 8F05C98E2075D1AD00AE2F1A;
			productRefGroup = 8F05C9982075D1AD00AE2F1A /* Products */;
			projectDirPath = "";
			projectRoot = "";
			targets = (
				8F05C9962075D1AD00AE2F1A /* Flix */,
				8F05C9AA2075D1AF00AE2F1A /* FlixTests */,
				8F05C9B52075D1AF00AE2F1A /* FlixUITests */,
			);
		};
/* End PBXProject section */

/* Begin PBXResourcesBuildPhase section */
		8F05C9952075D1AD00AE2F1A /* Resources */ = {
			isa = PBXResourcesBuildPhase;
			buildActionMask = 2147483647;
			files = (
				8F05C9A52075D1AE00AE2F1A /* LaunchScreen.storyboard in Resources */,
				8F05C9A22075D1AE00AE2F1A /* Assets.xcassets in Resources */,
				8F05C9A02075D1AD00AE2F1A /* Main.storyboard in Resources */,
			);
			runOnlyForDeploymentPostprocessing = 0;
		};
		8F05C9A92075D1AF00AE2F1A /* Resources */ = {
			isa = PBXResourcesBuildPhase;
			buildActionMask = 2147483647;
			files = (
			);
			runOnlyForDeploymentPostprocessing = 0;
		};
		8F05C9B42075D1AF00AE2F1A /* Resources */ = {
			isa = PBXResourcesBuildPhase;
			buildActionMask = 2147483647;
			files = (
			);
			runOnlyForDeploymentPostprocessing = 0;
		};
/* End PBXResourcesBuildPhase section */

/* Begin PBXShellScriptBuildPhase section */
		1A699BE78B9DC2AD45CB2F3E /* [CP] Check Pods Manifest.lock */ = {
			isa = PBXShellScriptBuildPhase;
			buildActionMask = 2147483647;
			files = (
			);
			inputPaths = (
				"${PODS_PODFILE_DIR_PATH}/Podfile.lock",
				"${PODS_ROOT}/Manifest.lock",
			);
			name = "[CP] Check Pods Manifest.lock";
			outputPaths = (
				"$(DERIVED_FILE_DIR)/Pods-Flix-checkManifestLockResult.txt",
			);
			runOnlyForDeploymentPostprocessing = 0;
			shellPath = /bin/sh;
			shellScript = "diff \"${PODS_PODFILE_DIR_PATH}/Podfile.lock\" \"${PODS_ROOT}/Manifest.lock\" > /dev/null\nif [ $? != 0 ] ; then\n    # print error to STDERR\n    echo \"error: The sandbox is not in sync with the Podfile.lock. Run 'pod install' or update your CocoaPods installation.\" >&2\n    exit 1\nfi\n# This output is used by Xcode 'outputs' to avoid re-running this script phase.\necho \"SUCCESS\" > \"${SCRIPT_OUTPUT_FILE_0}\"\n";
			showEnvVarsInLog = 0;
		};
		2D68AAA04B190FEC6AD7E56E /* [CP] Copy Pods Resources */ = {
			isa = PBXShellScriptBuildPhase;
			buildActionMask = 2147483647;
			files = (
			);
			inputPaths = (
			);
			name = "[CP] Copy Pods Resources";
			outputPaths = (
			);
			runOnlyForDeploymentPostprocessing = 0;
			shellPath = /bin/sh;
			shellScript = "\"${SRCROOT}/Pods/Target Support Files/Pods-Flix/Pods-Flix-resources.sh\"\n";
			showEnvVarsInLog = 0;
		};
		7F8B8F623552DC4491B97723 /* [CP] Embed Pods Frameworks */ = {
			isa = PBXShellScriptBuildPhase;
			buildActionMask = 2147483647;
			files = (
			);
			inputPaths = (
			);
			name = "[CP] Embed Pods Frameworks";
			outputPaths = (
			);
			runOnlyForDeploymentPostprocessing = 0;
			shellPath = /bin/sh;
			shellScript = "\"${SRCROOT}/Pods/Target Support Files/Pods-FlixUITests/Pods-FlixUITests-frameworks.sh\"\n";
			showEnvVarsInLog = 0;
		};
		8B5B3969F66B5A43DC51C4D8 /* [CP] Check Pods Manifest.lock */ = {
			isa = PBXShellScriptBuildPhase;
			buildActionMask = 2147483647;
			files = (
			);
			inputPaths = (
				"${PODS_PODFILE_DIR_PATH}/Podfile.lock",
				"${PODS_ROOT}/Manifest.lock",
			);
			name = "[CP] Check Pods Manifest.lock";
			outputPaths = (
				"$(DERIVED_FILE_DIR)/Pods-FlixUITests-checkManifestLockResult.txt",
			);
			runOnlyForDeploymentPostprocessing = 0;
			shellPath = /bin/sh;
			shellScript = "diff \"${PODS_PODFILE_DIR_PATH}/Podfile.lock\" \"${PODS_ROOT}/Manifest.lock\" > /dev/null\nif [ $? != 0 ] ; then\n    # print error to STDERR\n    echo \"error: The sandbox is not in sync with the Podfile.lock. Run 'pod install' or update your CocoaPods installation.\" >&2\n    exit 1\nfi\n# This output is used by Xcode 'outputs' to avoid re-running this script phase.\necho \"SUCCESS\" > \"${SCRIPT_OUTPUT_FILE_0}\"\n";
			showEnvVarsInLog = 0;
		};
		9DFC1A36A5250672658DBA47 /* [CP] Copy Pods Resources */ = {
			isa = PBXShellScriptBuildPhase;
			buildActionMask = 2147483647;
			files = (
			);
			inputPaths = (
			);
			name = "[CP] Copy Pods Resources";
			outputPaths = (
			);
			runOnlyForDeploymentPostprocessing = 0;
			shellPath = /bin/sh;
			shellScript = "\"${SRCROOT}/Pods/Target Support Files/Pods-FlixTests/Pods-FlixTests-resources.sh\"\n";
			showEnvVarsInLog = 0;
		};
		C11DD71E6041F62E44830AED /* [CP] Check Pods Manifest.lock */ = {
			isa = PBXShellScriptBuildPhase;
			buildActionMask = 2147483647;
			files = (
			);
			inputPaths = (
				"${PODS_PODFILE_DIR_PATH}/Podfile.lock",
				"${PODS_ROOT}/Manifest.lock",
			);
			name = "[CP] Check Pods Manifest.lock";
			outputPaths = (
				"$(DERIVED_FILE_DIR)/Pods-FlixTests-checkManifestLockResult.txt",
			);
			runOnlyForDeploymentPostprocessing = 0;
			shellPath = /bin/sh;
			shellScript = "diff \"${PODS_PODFILE_DIR_PATH}/Podfile.lock\" \"${PODS_ROOT}/Manifest.lock\" > /dev/null\nif [ $? != 0 ] ; then\n    # print error to STDERR\n    echo \"error: The sandbox is not in sync with the Podfile.lock. Run 'pod install' or update your CocoaPods installation.\" >&2\n    exit 1\nfi\n# This output is used by Xcode 'outputs' to avoid re-running this script phase.\necho \"SUCCESS\" > \"${SCRIPT_OUTPUT_FILE_0}\"\n";
			showEnvVarsInLog = 0;
		};
		CEBB4D879B4FCD07F03E0A9E /* [CP] Copy Pods Resources */ = {
			isa = PBXShellScriptBuildPhase;
			buildActionMask = 2147483647;
			files = (
			);
			inputPaths = (
			);
			name = "[CP] Copy Pods Resources";
			outputPaths = (
			);
			runOnlyForDeploymentPostprocessing = 0;
			shellPath = /bin/sh;
			shellScript = "\"${SRCROOT}/Pods/Target Support Files/Pods-FlixUITests/Pods-FlixUITests-resources.sh\"\n";
			showEnvVarsInLog = 0;
		};
		EB7E69161E51ADFBBC8DA324 /* [CP] Embed Pods Frameworks */ = {
			isa = PBXShellScriptBuildPhase;
			buildActionMask = 2147483647;
			files = (
			);
			inputPaths = (
			);
			name = "[CP] Embed Pods Frameworks";
			outputPaths = (
			);
			runOnlyForDeploymentPostprocessing = 0;
			shellPath = /bin/sh;
			shellScript = "\"${SRCROOT}/Pods/Target Support Files/Pods-FlixTests/Pods-FlixTests-frameworks.sh\"\n";
			showEnvVarsInLog = 0;
		};
		ECFBE364A135B7A277EFBCFF /* [CP] Embed Pods Frameworks */ = {
			isa = PBXShellScriptBuildPhase;
			buildActionMask = 2147483647;
			files = (
			);
			inputPaths = (
				"${SRCROOT}/Pods/Target Support Files/Pods-Flix/Pods-Flix-frameworks.sh",
				"${BUILT_PRODUCTS_DIR}/Alamofire/Alamofire.framework",
				"${BUILT_PRODUCTS_DIR}/AlamofireImage/AlamofireImage.framework",
			);
			name = "[CP] Embed Pods Frameworks";
			outputPaths = (
				"${TARGET_BUILD_DIR}/${FRAMEWORKS_FOLDER_PATH}/Alamofire.framework",
				"${TARGET_BUILD_DIR}/${FRAMEWORKS_FOLDER_PATH}/AlamofireImage.framework",
			);
			runOnlyForDeploymentPostprocessing = 0;
			shellPath = /bin/sh;
			shellScript = "\"${SRCROOT}/Pods/Target Support Files/Pods-Flix/Pods-Flix-frameworks.sh\"\n";
			showEnvVarsInLog = 0;
		};
/* End PBXShellScriptBuildPhase section */

/* Begin PBXSourcesBuildPhase section */
		8F05C9932075D1AD00AE2F1A /* Sources */ = {
			isa = PBXSourcesBuildPhase;
			buildActionMask = 2147483647;
			files = (
				8F05C99D2075D1AD00AE2F1A /* ViewController.swift in Sources */,
				8F05C99B2075D1AD00AE2F1A /* AppDelegate.swift in Sources */,
				8F05C9C92076A26500AE2F1A /* MovieCell.swift in Sources */,
				8FDD281B207723AE0001F8D4 /* DetailViewController.swift in Sources */,
			);
			runOnlyForDeploymentPostprocessing = 0;
		};
		8F05C9A72075D1AF00AE2F1A /* Sources */ = {
			isa = PBXSourcesBuildPhase;
			buildActionMask = 2147483647;
			files = (
				8F05C9B02075D1AF00AE2F1A /* FlixTests.swift in Sources */,
			);
			runOnlyForDeploymentPostprocessing = 0;
		};
		8F05C9B22075D1AF00AE2F1A /* Sources */ = {
			isa = PBXSourcesBuildPhase;
			buildActionMask = 2147483647;
			files = (
				8F05C9BB2075D1AF00AE2F1A /* FlixUITests.swift in Sources */,
			);
			runOnlyForDeploymentPostprocessing = 0;
		};
/* End PBXSourcesBuildPhase section */

/* Begin PBXTargetDependency section */
		8F05C9AD2075D1AF00AE2F1A /* PBXTargetDependency */ = {
			isa = PBXTargetDependency;
			target = 8F05C9962075D1AD00AE2F1A /* Flix */;
			targetProxy = 8F05C9AC2075D1AF00AE2F1A /* PBXContainerItemProxy */;
		};
		8F05C9B82075D1AF00AE2F1A /* PBXTargetDependency */ = {
			isa = PBXTargetDependency;
			target = 8F05C9962075D1AD00AE2F1A /* Flix */;
			targetProxy = 8F05C9B72075D1AF00AE2F1A /* PBXContainerItemProxy */;
		};
/* End PBXTargetDependency section */

/* Begin PBXVariantGroup section */
		8F05C99E2075D1AD00AE2F1A /* Main.storyboard */ = {
			isa = PBXVariantGroup;
			children = (
				8F05C99F2075D1AD00AE2F1A /* Base */,
			);
			name = Main.storyboard;
			sourceTree = "<group>";
		};
		8F05C9A32075D1AE00AE2F1A /* LaunchScreen.storyboard */ = {
			isa = PBXVariantGroup;
			children = (
				8F05C9A42075D1AE00AE2F1A /* Base */,
			);
			name = LaunchScreen.storyboard;
			sourceTree = "<group>";
		};
/* End PBXVariantGroup section */

/* Begin XCBuildConfiguration section */
		8F05C9BD2075D1AF00AE2F1A /* Debug */ = {
			isa = XCBuildConfiguration;
			buildSettings = {
				ALWAYS_SEARCH_USER_PATHS = NO;
				CLANG_ANALYZER_NONNULL = YES;
				CLANG_ANALYZER_NUMBER_OBJECT_CONVERSION = YES_AGGRESSIVE;
				CLANG_CXX_LANGUAGE_STANDARD = "gnu++14";
				CLANG_CXX_LIBRARY = "libc++";
				CLANG_ENABLE_MODULES = YES;
				CLANG_ENABLE_OBJC_ARC = YES;
				CLANG_ENABLE_OBJC_WEAK = YES;
				CLANG_WARN_BLOCK_CAPTURE_AUTORELEASING = YES;
				CLANG_WARN_BOOL_CONVERSION = YES;
				CLANG_WARN_COMMA = YES;
				CLANG_WARN_CONSTANT_CONVERSION = YES;
				CLANG_WARN_DEPRECATED_OBJC_IMPLEMENTATIONS = YES;
				CLANG_WARN_DIRECT_OBJC_ISA_USAGE = YES_ERROR;
				CLANG_WARN_DOCUMENTATION_COMMENTS = YES;
				CLANG_WARN_EMPTY_BODY = YES;
				CLANG_WARN_ENUM_CONVERSION = YES;
				CLANG_WARN_INFINITE_RECURSION = YES;
				CLANG_WARN_INT_CONVERSION = YES;
				CLANG_WARN_NON_LITERAL_NULL_CONVERSION = YES;
				CLANG_WARN_OBJC_IMPLICIT_RETAIN_SELF = YES;
				CLANG_WARN_OBJC_LITERAL_CONVERSION = YES;
				CLANG_WARN_OBJC_ROOT_CLASS = YES_ERROR;
				CLANG_WARN_RANGE_LOOP_ANALYSIS = YES;
				CLANG_WARN_STRICT_PROTOTYPES = YES;
				CLANG_WARN_SUSPICIOUS_MOVE = YES;
				CLANG_WARN_UNGUARDED_AVAILABILITY = YES_AGGRESSIVE;
				CLANG_WARN_UNREACHABLE_CODE = YES;
				CLANG_WARN__DUPLICATE_METHOD_MATCH = YES;
				CODE_SIGN_IDENTITY = "iPhone Developer";
				COPY_PHASE_STRIP = NO;
				DEBUG_INFORMATION_FORMAT = dwarf;
				ENABLE_STRICT_OBJC_MSGSEND = YES;
				ENABLE_TESTABILITY = YES;
				GCC_C_LANGUAGE_STANDARD = gnu11;
				GCC_DYNAMIC_NO_PIC = NO;
				GCC_NO_COMMON_BLOCKS = YES;
				GCC_OPTIMIZATION_LEVEL = 0;
				GCC_PREPROCESSOR_DEFINITIONS = (
					"DEBUG=1",
					"$(inherited)",
				);
				GCC_WARN_64_TO_32_BIT_CONVERSION = YES;
				GCC_WARN_ABOUT_RETURN_TYPE = YES_ERROR;
				GCC_WARN_UNDECLARED_SELECTOR = YES;
				GCC_WARN_UNINITIALIZED_AUTOS = YES_AGGRESSIVE;
				GCC_WARN_UNUSED_FUNCTION = YES;
				GCC_WARN_UNUSED_VARIABLE = YES;
				IPHONEOS_DEPLOYMENT_TARGET = 11.3;
				MTL_ENABLE_DEBUG_INFO = YES;
				ONLY_ACTIVE_ARCH = YES;
				SDKROOT = iphoneos;
				SWIFT_ACTIVE_COMPILATION_CONDITIONS = DEBUG;
				SWIFT_OPTIMIZATION_LEVEL = "-Onone";
			};
			name = Debug;
		};
		8F05C9BE2075D1AF00AE2F1A /* Release */ = {
			isa = XCBuildConfiguration;
			buildSettings = {
				ALWAYS_SEARCH_USER_PATHS = NO;
				CLANG_ANALYZER_NONNULL = YES;
				CLANG_ANALYZER_NUMBER_OBJECT_CONVERSION = YES_AGGRESSIVE;
				CLANG_CXX_LANGUAGE_STANDARD = "gnu++14";
				CLANG_CXX_LIBRARY = "libc++";
				CLANG_ENABLE_MODULES = YES;
				CLANG_ENABLE_OBJC_ARC = YES;
				CLANG_ENABLE_OBJC_WEAK = YES;
				CLANG_WARN_BLOCK_CAPTURE_AUTORELEASING = YES;
				CLANG_WARN_BOOL_CONVERSION = YES;
				CLANG_WARN_COMMA = YES;
				CLANG_WARN_CONSTANT_CONVERSION = YES;
				CLANG_WARN_DEPRECATED_OBJC_IMPLEMENTATIONS = YES;
				CLANG_WARN_DIRECT_OBJC_ISA_USAGE = YES_ERROR;
				CLANG_WARN_DOCUMENTATION_COMMENTS = YES;
				CLANG_WARN_EMPTY_BODY = YES;
				CLANG_WARN_ENUM_CONVERSION = YES;
				CLANG_WARN_INFINITE_RECURSION = YES;
				CLANG_WARN_INT_CONVERSION = YES;
				CLANG_WARN_NON_LITERAL_NULL_CONVERSION = YES;
				CLANG_WARN_OBJC_IMPLICIT_RETAIN_SELF = YES;
				CLANG_WARN_OBJC_LITERAL_CONVERSION = YES;
				CLANG_WARN_OBJC_ROOT_CLASS = YES_ERROR;
				CLANG_WARN_RANGE_LOOP_ANALYSIS = YES;
				CLANG_WARN_STRICT_PROTOTYPES = YES;
				CLANG_WARN_SUSPICIOUS_MOVE = YES;
				CLANG_WARN_UNGUARDED_AVAILABILITY = YES_AGGRESSIVE;
				CLANG_WARN_UNREACHABLE_CODE = YES;
				CLANG_WARN__DUPLICATE_METHOD_MATCH = YES;
				CODE_SIGN_IDENTITY = "iPhone Developer";
				COPY_PHASE_STRIP = NO;
				DEBUG_INFORMATION_FORMAT = "dwarf-with-dsym";
				ENABLE_NS_ASSERTIONS = NO;
				ENABLE_STRICT_OBJC_MSGSEND = YES;
				GCC_C_LANGUAGE_STANDARD = gnu11;
				GCC_NO_COMMON_BLOCKS = YES;
				GCC_WARN_64_TO_32_BIT_CONVERSION = YES;
				GCC_WARN_ABOUT_RETURN_TYPE = YES_ERROR;
				GCC_WARN_UNDECLARED_SELECTOR = YES;
				GCC_WARN_UNINITIALIZED_AUTOS = YES_AGGRESSIVE;
				GCC_WARN_UNUSED_FUNCTION = YES;
				GCC_WARN_UNUSED_VARIABLE = YES;
				IPHONEOS_DEPLOYMENT_TARGET = 11.3;
				MTL_ENABLE_DEBUG_INFO = NO;
				SDKROOT = iphoneos;
				SWIFT_COMPILATION_MODE = wholemodule;
				SWIFT_OPTIMIZATION_LEVEL = "-O";
				VALIDATE_PRODUCT = YES;
			};
			name = Release;
		};
		8F05C9C02075D1AF00AE2F1A /* Debug */ = {
			isa = XCBuildConfiguration;
			baseConfigurationReference = FC934310148A82F36853CABE /* Pods-Flix.debug.xcconfig */;
			buildSettings = {
				ASSETCATALOG_COMPILER_APPICON_NAME = AppIcon;
				CODE_SIGN_STYLE = Automatic;
				DEVELOPMENT_TEAM = 4SXK77MBVA;
				INFOPLIST_FILE = Flix/Info.plist;
				LD_RUNPATH_SEARCH_PATHS = (
					"$(inherited)",
					"@executable_path/Frameworks",
				);
				PRODUCT_BUNDLE_IDENTIFIER = "Xufei-Gao.Flix";
				PRODUCT_NAME = "$(TARGET_NAME)";
				SWIFT_VERSION = 4.0;
				TARGETED_DEVICE_FAMILY = "1,2";
			};
			name = Debug;
		};
		8F05C9C12075D1AF00AE2F1A /* Release */ = {
			isa = XCBuildConfiguration;
			baseConfigurationReference = 26B151E9A3694A0D5FB41FB7 /* Pods-Flix.release.xcconfig */;
			buildSettings = {
				ASSETCATALOG_COMPILER_APPICON_NAME = AppIcon;
				CODE_SIGN_STYLE = Automatic;
				DEVELOPMENT_TEAM = 4SXK77MBVA;
				INFOPLIST_FILE = Flix/Info.plist;
				LD_RUNPATH_SEARCH_PATHS = (
					"$(inherited)",
					"@executable_path/Frameworks",
				);
				PRODUCT_BUNDLE_IDENTIFIER = "Xufei-Gao.Flix";
				PRODUCT_NAME = "$(TARGET_NAME)";
				SWIFT_VERSION = 4.0;
				TARGETED_DEVICE_FAMILY = "1,2";
			};
			name = Release;
		};
		8F05C9C32075D1AF00AE2F1A /* Debug */ = {
			isa = XCBuildConfiguration;
			baseConfigurationReference = 95A80510B2628B2A3F0477C2 /* Pods-FlixTests.debug.xcconfig */;
			buildSettings = {
				ALWAYS_EMBED_SWIFT_STANDARD_LIBRARIES = YES;
				BUNDLE_LOADER = "$(TEST_HOST)";
				CODE_SIGN_STYLE = Automatic;
				DEVELOPMENT_TEAM = 4SXK77MBVA;
				INFOPLIST_FILE = FlixTests/Info.plist;
				LD_RUNPATH_SEARCH_PATHS = (
					"$(inherited)",
					"@executable_path/Frameworks",
					"@loader_path/Frameworks",
				);
				PRODUCT_BUNDLE_IDENTIFIER = "Xufei-Gao.FlixTests";
				PRODUCT_NAME = "$(TARGET_NAME)";
				SWIFT_VERSION = 4.0;
				TARGETED_DEVICE_FAMILY = "1,2";
				TEST_HOST = "$(BUILT_PRODUCTS_DIR)/Flix.app/Flix";
			};
			name = Debug;
		};
		8F05C9C42075D1AF00AE2F1A /* Release */ = {
			isa = XCBuildConfiguration;
			baseConfigurationReference = A20D20AE78C6A71437697344 /* Pods-FlixTests.release.xcconfig */;
			buildSettings = {
				ALWAYS_EMBED_SWIFT_STANDARD_LIBRARIES = YES;
				BUNDLE_LOADER = "$(TEST_HOST)";
				CODE_SIGN_STYLE = Automatic;
				DEVELOPMENT_TEAM = 4SXK77MBVA;
				INFOPLIST_FILE = FlixTests/Info.plist;
				LD_RUNPATH_SEARCH_PATHS = (
					"$(inherited)",
					"@executable_path/Frameworks",
					"@loader_path/Frameworks",
				);
				PRODUCT_BUNDLE_IDENTIFIER = "Xufei-Gao.FlixTests";
				PRODUCT_NAME = "$(TARGET_NAME)";
				SWIFT_VERSION = 4.0;
				TARGETED_DEVICE_FAMILY = "1,2";
				TEST_HOST = "$(BUILT_PRODUCTS_DIR)/Flix.app/Flix";
			};
			name = Release;
		};
		8F05C9C62075D1AF00AE2F1A /* Debug */ = {
			isa = XCBuildConfiguration;
			baseConfigurationReference = 44C8833DFFF07DC4439EE979 /* Pods-FlixUITests.debug.xcconfig */;
			buildSettings = {
				ALWAYS_EMBED_SWIFT_STANDARD_LIBRARIES = YES;
				CODE_SIGN_STYLE = Automatic;
				DEVELOPMENT_TEAM = 4SXK77MBVA;
				INFOPLIST_FILE = FlixUITests/Info.plist;
				LD_RUNPATH_SEARCH_PATHS = (
					"$(inherited)",
					"@executable_path/Frameworks",
					"@loader_path/Frameworks",
				);
				PRODUCT_BUNDLE_IDENTIFIER = "Xufei-Gao.FlixUITests";
				PRODUCT_NAME = "$(TARGET_NAME)";
				SWIFT_VERSION = 4.0;
				TARGETED_DEVICE_FAMILY = "1,2";
				TEST_TARGET_NAME = Flix;
			};
			name = Debug;
		};
		8F05C9C72075D1AF00AE2F1A /* Release */ = {
			isa = XCBuildConfiguration;
			baseConfigurationReference = ABB816615D7064B65D984364 /* Pods-FlixUITests.release.xcconfig */;
			buildSettings = {
				ALWAYS_EMBED_SWIFT_STANDARD_LIBRARIES = YES;
				CODE_SIGN_STYLE = Automatic;
				DEVELOPMENT_TEAM = 4SXK77MBVA;
				INFOPLIST_FILE = FlixUITests/Info.plist;
				LD_RUNPATH_SEARCH_PATHS = (
					"$(inherited)",
					"@executable_path/Frameworks",
					"@loader_path/Frameworks",
				);
				PRODUCT_BUNDLE_IDENTIFIER = "Xufei-Gao.FlixUITests";
				PRODUCT_NAME = "$(TARGET_NAME)";
				SWIFT_VERSION = 4.0;
				TARGETED_DEVICE_FAMILY = "1,2";
				TEST_TARGET_NAME = Flix;
			};
			name = Release;
		};
/* End XCBuildConfiguration section */

/* Begin XCConfigurationList section */
		8F05C9922075D1AD00AE2F1A /* Build configuration list for PBXProject "Flix" */ = {
			isa = XCConfigurationList;
			buildConfigurations = (
				8F05C9BD2075D1AF00AE2F1A /* Debug */,
				8F05C9BE2075D1AF00AE2F1A /* Release */,
			);
			defaultConfigurationIsVisible = 0;
			defaultConfigurationName = Release;
		};
		8F05C9BF2075D1AF00AE2F1A /* Build configuration list for PBXNativeTarget "Flix" */ = {
			isa = XCConfigurationList;
			buildConfigurations = (
				8F05C9C02075D1AF00AE2F1A /* Debug */,
				8F05C9C12075D1AF00AE2F1A /* Release */,
			);
			defaultConfigurationIsVisible = 0;
			defaultConfigurationName = Release;
		};
		8F05C9C22075D1AF00AE2F1A /* Build configuration list for PBXNativeTarget "FlixTests" */ = {
			isa = XCConfigurationList;
			buildConfigurations = (
				8F05C9C32075D1AF00AE2F1A /* Debug */,
				8F05C9C42075D1AF00AE2F1A /* Release */,
			);
			defaultConfigurationIsVisible = 0;
			defaultConfigurationName = Release;
		};
		8F05C9C52075D1AF00AE2F1A /* Build configuration list for PBXNativeTarget "FlixUITests" */ = {
			isa = XCConfigurationList;
			buildConfigurations = (
				8F05C9C62075D1AF00AE2F1A /* Debug */,
				8F05C9C72075D1AF00AE2F1A /* Release */,
			);
			defaultConfigurationIsVisible = 0;
			defaultConfigurationName = Release;
		};
/* End XCConfigurationList section */
	};
	rootObject = 8F05C98F2075D1AD00AE2F1A /* Project object */;
}
